
Microsoft Visual Studio Solution File, Format Version 12.00
# Visual Studio Version 16
VisualStudioVersion = 16.0.30104.148
MinimumVisualStudioVersion = 10.0.40219.1
Project("{9A19103F-16F7-4668-BE54-9A1E7A4F7556}") = "SqlParquetImporter.ImporterApi", "SqlParquetImporter.ImporterApi\SqlParquetImporter.ImporterApi.csproj", "{3262BE8D-1691-4ABF-984B-5762B4309B86}"
EndProject
Project("{9A19103F-16F7-4668-BE54-9A1E7A4F7556}") = "SqlParquetImporter.Domain", "SqlParquetImporter.Domain\SqlParquetImporter.Domain.csproj", "{0930BEB8-0086-4A37-AD9B-B99515BDB2E8}"
EndProject
Project("{9A19103F-16F7-4668-BE54-9A1E7A4F7556}") = "SqlParquetImporter.Database", "SqlParquetImporter.Database\SqlParquetImporter.Database.csproj", "{3A1546E9-86F8-4848-B69D-2EF034E838FA}"
EndProject
Project("{FAE04EC0-301F-11D3-BF4B-00C04F79EFBC}") = "SqlParquetImported.Infra", "SqlParquetImported.Infra\SqlParquetImported.Infra.csproj", "{9ECE3A59-1C9D-42D0-970C-1CD4ECB51A4B}"
EndProject
Global
	GlobalSection(SolutionConfigurationPlatforms) = preSolution
		Debug|Any CPU = Debug|Any CPU
		Release|Any CPU = Release|Any CPU
	EndGlobalSection
	GlobalSection(ProjectConfigurationPlatforms) = postSolution
		{3262BE8D-1691-4ABF-984B-5762B4309B86}.Debug|Any CPU.ActiveCfg = Debug|Any CPU
		{3262BE8D-1691-4ABF-984B-5762B4309B86}.Debug|Any CPU.Build.0 = Debug|Any CPU
		{3262BE8D-1691-4ABF-984B-5762B4309B86}.Release|Any CPU.ActiveCfg = Release|Any CPU
		{3262BE8D-1691-4ABF-984B-5762B4309B86}.Release|Any CPU.Build.0 = Release|Any CPU
		{0930BEB8-0086-4A37-AD9B-B99515BDB2E8}.Debug|Any CPU.ActiveCfg = Debug|Any CPU
		{0930BEB8-0086-4A37-AD9B-B99515BDB2E8}.Debug|Any CPU.Build.0 = Debug|Any CPU
		{0930BEB8-0086-4A37-AD9B-B99515BDB2E8}.Release|Any CPU.ActiveCfg = Release|Any CPU
		{0930BEB8-0086-4A37-AD9B-B99515BDB2E8}.Release|Any CPU.Build.0 = Release|Any CPU
		{3A1546E9-86F8-4848-B69D-2EF034E838FA}.Debug|Any CPU.ActiveCfg = Debug|Any CPU
		{3A1546E9-86F8-4848-B69D-2EF034E838FA}.Debug|Any CPU.Build.0 = Debug|Any CPU
		{3A1546E9-86F8-4848-B69D-2EF034E838FA}.Release|Any CPU.ActiveCfg = Release|Any CPU
		{3A1546E9-86F8-4848-B69D-2EF034E838FA}.Release|Any CPU.Build.0 = Release|Any CPU
		{9ECE3A59-1C9D-42D0-970C-1CD4ECB51A4B}.Debug|Any CPU.ActiveCfg = Debug|Any CPU
		{9ECE3A59-1C9D-42D0-970C-1CD4ECB51A4B}.Debug|Any CPU.Build.0 = Debug|Any CPU
		{9ECE3A59-1C9D-42D0-970C-1CD4ECB51A4B}.Release|Any CPU.ActiveCfg = Release|Any CPU
		{9ECE3A59-1C9D-42D0-970C-1CD4ECB51A4B}.Release|Any CPU.Build.0 = Release|Any CPU
	EndGlobalSection
	GlobalSection(SolutionProperties) = preSolution
		HideSolutionNode = FALSE
	EndGlobalSection
	GlobalSection(ExtensibilityGlobals) = postSolution
		SolutionGuid = {1E7BB59C-8211-4CBC-ACEB-E690D0FB32FE}
	EndGlobalSection
EndGlobal
